
Microsoft Visual Studio Solution File, Format Version 12.00
# Visual Studio 15
VisualStudioVersion = 15.0.28307.572
MinimumVisualStudioVersion = 10.0.40219.1
Project("{FAE04EC0-301F-11D3-BF4B-00C04F79EFBC}") = "DapperDALProject", "DapperTempleteExtension\DapperDALProject.csproj", "{17A3F71F-20CF-4ACC-AF2B-788858AA4A0F}"
EndProject
Project("{FAE04EC0-301F-11D3-BF4B-00C04F79EFBC}") = "WixSnippetPack", "WixSnippetPack\WixSnippetPack.csproj", "{AF782B10-A4F3-4BE7-9E54-F5938FEE4EC9}"
EndProject
Global
	GlobalSection(SolutionConfigurationPlatforms) = preSolution
		Debug|Any CPU = Debug|Any CPU
		Release|Any CPU = Release|Any CPU
	EndGlobalSection
	GlobalSection(ProjectConfigurationPlatforms) = postSolution
		{17A3F71F-20CF-4ACC-AF2B-788858AA4A0F}.Debug|Any CPU.ActiveCfg = Debug|Any CPU
		{17A3F71F-20CF-4ACC-AF2B-788858AA4A0F}.Debug|Any CPU.Build.0 = Debug|Any CPU
		{17A3F71F-20CF-4ACC-AF2B-788858AA4A0F}.Release|Any CPU.ActiveCfg = Release|Any CPU
		{17A3F71F-20CF-4ACC-AF2B-788858AA4A0F}.Release|Any CPU.Build.0 = Release|Any CPU
		{AF782B10-A4F3-4BE7-9E54-F5938FEE4EC9}.Debug|Any CPU.ActiveCfg = Debug|Any CPU
		{AF782B10-A4F3-4BE7-9E54-F5938FEE4EC9}.Debug|Any CPU.Build.0 = Debug|Any CPU
		{AF782B10-A4F3-4BE7-9E54-F5938FEE4EC9}.Release|Any CPU.ActiveCfg = Release|Any CPU
		{AF782B10-A4F3-4BE7-9E54-F5938FEE4EC9}.Release|Any CPU.Build.0 = Release|Any CPU
	EndGlobalSection
	GlobalSection(SolutionProperties) = preSolution
		HideSolutionNode = FALSE
	EndGlobalSection
	GlobalSection(ExtensibilityGlobals) = postSolution
		SolutionGuid = {CD20349A-3C0D-418C-85EE-F1876BB31E7C}
	EndGlobalSection
EndGlobal
